// !$*UTF8*$!
{
	archiveVersion = 1;
	classes = {
	};
	objectVersion = 55;
	objects = {

/* Begin PBXBuildFile section */
		10965C59781F7725559A8155 /* Pods_ListenUp.framework in Frameworks */ = {isa = PBXBuildFile; fileRef = 8A4F0AC2813207CD82508603 /* Pods_ListenUp.framework */; };
		3D184F3E298D42FE0025FEA6 /* ExploreViewCell.swift in Sources */ = {isa = PBXBuildFile; fileRef = 3D184F3D298D42FE0025FEA6 /* ExploreViewCell.swift */; };
		3D19DEAB298CE4A9009159CB /* PodcastResponse.swift in Sources */ = {isa = PBXBuildFile; fileRef = 3D19DEAA298CE4A9009159CB /* PodcastResponse.swift */; };
		3D19DEAD298CE4B7009159CB /* Podcast.swift in Sources */ = {isa = PBXBuildFile; fileRef = 3D19DEAC298CE4B7009159CB /* Podcast.swift */; };
		3D19DEB0298CEAA6009159CB /* APIService.swift in Sources */ = {isa = PBXBuildFile; fileRef = 3D19DEAF298CEAA6009159CB /* APIService.swift */; };
		3D4117A2298922DC000FA52E /* UIViewControllerExtensions.swift in Sources */ = {isa = PBXBuildFile; fileRef = 3D4117A1298922DC000FA52E /* UIViewControllerExtensions.swift */; };
		3D4117A42989527B000FA52E /* HomeViewController.swift in Sources */ = {isa = PBXBuildFile; fileRef = 3D4117A32989527B000FA52E /* HomeViewController.swift */; };
		3D4117A6298952A0000FA52E /* AccountViewController.swift in Sources */ = {isa = PBXBuildFile; fileRef = 3D4117A5298952A0000FA52E /* AccountViewController.swift */; };
		3D4117A8298953A5000FA52E /* ExploreViewController.swift in Sources */ = {isa = PBXBuildFile; fileRef = 3D4117A7298953A5000FA52E /* ExploreViewController.swift */; };
		3D4117AA298953B6000FA52E /* RadioViewController.swift in Sources */ = {isa = PBXBuildFile; fileRef = 3D4117A9298953B6000FA52E /* RadioViewController.swift */; };
		3D4117B02989582F000FA52E /* Home.storyboard in Resources */ = {isa = PBXBuildFile; fileRef = 3D4117AF2989582F000FA52E /* Home.storyboard */; };
		3D4117B229895845000FA52E /* Explore.storyboard in Resources */ = {isa = PBXBuildFile; fileRef = 3D4117B129895845000FA52E /* Explore.storyboard */; };
		3D4117B429895852000FA52E /* Radio.storyboard in Resources */ = {isa = PBXBuildFile; fileRef = 3D4117B329895852000FA52E /* Radio.storyboard */; };
		3D4117B72989586C000FA52E /* Account.storyboard in Resources */ = {isa = PBXBuildFile; fileRef = 3D4117B62989586C000FA52E /* Account.storyboard */; };
		3D547977298AC5F400DE88DA /* HomeRecentViewCell.swift in Sources */ = {isa = PBXBuildFile; fileRef = 3D547976298AC5F400DE88DA /* HomeRecentViewCell.swift */; };
		3D5B906D294F416E002D8B98 /* SignUpViewController.swift in Sources */ = {isa = PBXBuildFile; fileRef = 3D5B906C294F416E002D8B98 /* SignUpViewController.swift */; };
		3D905727294F0DB400E485D0 /* AppDelegate.swift in Sources */ = {isa = PBXBuildFile; fileRef = 3D905726294F0DB400E485D0 /* AppDelegate.swift */; };
		3D905729294F0DB400E485D0 /* SceneDelegate.swift in Sources */ = {isa = PBXBuildFile; fileRef = 3D905728294F0DB400E485D0 /* SceneDelegate.swift */; };
		3D90572B294F0DB400E485D0 /* MainViewController.swift in Sources */ = {isa = PBXBuildFile; fileRef = 3D90572A294F0DB400E485D0 /* MainViewController.swift */; };
		3D90572E294F0DB400E485D0 /* Main.storyboard in Resources */ = {isa = PBXBuildFile; fileRef = 3D90572C294F0DB400E485D0 /* Main.storyboard */; };
		3D905731294F0DB400E485D0 /* ListenUp.xcdatamodeld in Sources */ = {isa = PBXBuildFile; fileRef = 3D90572F294F0DB400E485D0 /* ListenUp.xcdatamodeld */; };
		3D905733294F0DB700E485D0 /* Assets.xcassets in Resources */ = {isa = PBXBuildFile; fileRef = 3D905732294F0DB700E485D0 /* Assets.xcassets */; };
		3D905736294F0DB700E485D0 /* LaunchScreen.storyboard in Resources */ = {isa = PBXBuildFile; fileRef = 3D905734294F0DB700E485D0 /* LaunchScreen.storyboard */; };
		3D905741294F234C00E485D0 /* Auth.storyboard in Resources */ = {isa = PBXBuildFile; fileRef = 3D905740294F234C00E485D0 /* Auth.storyboard */; };
		3D905743294F239E00E485D0 /* SignInViewController.swift in Sources */ = {isa = PBXBuildFile; fileRef = 3D905742294F239E00E485D0 /* SignInViewController.swift */; };
		3DD9A538298BD6200056C4E7 /* HomeNewViewCell.swift in Sources */ = {isa = PBXBuildFile; fileRef = 3DD9A537298BD6200056C4E7 /* HomeNewViewCell.swift */; };
		3DD9A53A298BD64F0056C4E7 /* HomeNewCollectionViewCell.swift in Sources */ = {isa = PBXBuildFile; fileRef = 3DD9A539298BD64F0056C4E7 /* HomeNewCollectionViewCell.swift */; };
/* End PBXBuildFile section */

/* Begin PBXFileReference section */
		3D184F3D298D42FE0025FEA6 /* ExploreViewCell.swift */ = {isa = PBXFileReference; lastKnownFileType = sourcecode.swift; path = ExploreViewCell.swift; sourceTree = "<group>"; };
		3D19DEAA298CE4A9009159CB /* PodcastResponse.swift */ = {isa = PBXFileReference; lastKnownFileType = sourcecode.swift; path = PodcastResponse.swift; sourceTree = "<group>"; };
		3D19DEAC298CE4B7009159CB /* Podcast.swift */ = {isa = PBXFileReference; lastKnownFileType = sourcecode.swift; path = Podcast.swift; sourceTree = "<group>"; };
		3D19DEAF298CEAA6009159CB /* APIService.swift */ = {isa = PBXFileReference; lastKnownFileType = sourcecode.swift; path = APIService.swift; sourceTree = "<group>"; };
		3D4117A1298922DC000FA52E /* UIViewControllerExtensions.swift */ = {isa = PBXFileReference; lastKnownFileType = sourcecode.swift; path = UIViewControllerExtensions.swift; sourceTree = "<group>"; };
		3D4117A32989527B000FA52E /* HomeViewController.swift */ = {isa = PBXFileReference; lastKnownFileType = sourcecode.swift; path = HomeViewController.swift; sourceTree = "<group>"; };
		3D4117A5298952A0000FA52E /* AccountViewController.swift */ = {isa = PBXFileReference; lastKnownFileType = sourcecode.swift; path = AccountViewController.swift; sourceTree = "<group>"; };
		3D4117A7298953A5000FA52E /* ExploreViewController.swift */ = {isa = PBXFileReference; lastKnownFileType = sourcecode.swift; path = ExploreViewController.swift; sourceTree = "<group>"; };
		3D4117A9298953B6000FA52E /* RadioViewController.swift */ = {isa = PBXFileReference; lastKnownFileType = sourcecode.swift; path = RadioViewController.swift; sourceTree = "<group>"; };
		3D4117AF2989582F000FA52E /* Home.storyboard */ = {isa = PBXFileReference; lastKnownFileType = file.storyboard; path = Home.storyboard; sourceTree = "<group>"; };
		3D4117B129895845000FA52E /* Explore.storyboard */ = {isa = PBXFileReference; lastKnownFileType = file.storyboard; path = Explore.storyboard; sourceTree = "<group>"; };
		3D4117B329895852000FA52E /* Radio.storyboard */ = {isa = PBXFileReference; lastKnownFileType = file.storyboard; path = Radio.storyboard; sourceTree = "<group>"; };
		3D4117B62989586C000FA52E /* Account.storyboard */ = {isa = PBXFileReference; lastKnownFileType = file.storyboard; path = Account.storyboard; sourceTree = "<group>"; };
		3D547976298AC5F400DE88DA /* HomeRecentViewCell.swift */ = {isa = PBXFileReference; lastKnownFileType = sourcecode.swift; path = HomeRecentViewCell.swift; sourceTree = "<group>"; };
		3D5B906C294F416E002D8B98 /* SignUpViewController.swift */ = {isa = PBXFileReference; lastKnownFileType = sourcecode.swift; path = SignUpViewController.swift; sourceTree = "<group>"; };
		3D905723294F0DB400E485D0 /* ListenUp.app */ = {isa = PBXFileReference; explicitFileType = wrapper.application; includeInIndex = 0; path = ListenUp.app; sourceTree = BUILT_PRODUCTS_DIR; };
		3D905726294F0DB400E485D0 /* AppDelegate.swift */ = {isa = PBXFileReference; lastKnownFileType = sourcecode.swift; path = AppDelegate.swift; sourceTree = "<group>"; };
		3D905728294F0DB400E485D0 /* SceneDelegate.swift */ = {isa = PBXFileReference; lastKnownFileType = sourcecode.swift; path = SceneDelegate.swift; sourceTree = "<group>"; };
		3D90572A294F0DB400E485D0 /* MainViewController.swift */ = {isa = PBXFileReference; lastKnownFileType = sourcecode.swift; path = MainViewController.swift; sourceTree = "<group>"; };
		3D90572D294F0DB400E485D0 /* Base */ = {isa = PBXFileReference; lastKnownFileType = file.storyboard; name = Base; path = Base.lproj/Main.storyboard; sourceTree = "<group>"; };
		3D905730294F0DB400E485D0 /* ListenUp.xcdatamodel */ = {isa = PBXFileReference; lastKnownFileType = wrapper.xcdatamodel; path = ListenUp.xcdatamodel; sourceTree = "<group>"; };
		3D905732294F0DB700E485D0 /* Assets.xcassets */ = {isa = PBXFileReference; lastKnownFileType = folder.assetcatalog; path = Assets.xcassets; sourceTree = "<group>"; };
		3D905735294F0DB700E485D0 /* Base */ = {isa = PBXFileReference; lastKnownFileType = file.storyboard; name = Base; path = Base.lproj/LaunchScreen.storyboard; sourceTree = "<group>"; };
		3D905737294F0DB700E485D0 /* Info.plist */ = {isa = PBXFileReference; lastKnownFileType = text.plist.xml; path = Info.plist; sourceTree = "<group>"; };
		3D905740294F234C00E485D0 /* Auth.storyboard */ = {isa = PBXFileReference; lastKnownFileType = file.storyboard; path = Auth.storyboard; sourceTree = "<group>"; };
		3D905742294F239E00E485D0 /* SignInViewController.swift */ = {isa = PBXFileReference; lastKnownFileType = sourcecode.swift; path = SignInViewController.swift; sourceTree = "<group>"; };
		3DD9A537298BD6200056C4E7 /* HomeNewViewCell.swift */ = {isa = PBXFileReference; lastKnownFileType = sourcecode.swift; path = HomeNewViewCell.swift; sourceTree = "<group>"; };
		3DD9A539298BD64F0056C4E7 /* HomeNewCollectionViewCell.swift */ = {isa = PBXFileReference; lastKnownFileType = sourcecode.swift; path = HomeNewCollectionViewCell.swift; sourceTree = "<group>"; };
		4B91515DCC1DA2DB5B48679B /* Pods-ListenUp.release.xcconfig */ = {isa = PBXFileReference; includeInIndex = 1; lastKnownFileType = text.xcconfig; name = "Pods-ListenUp.release.xcconfig"; path = "Target Support Files/Pods-ListenUp/Pods-ListenUp.release.xcconfig"; sourceTree = "<group>"; };
		8A4F0AC2813207CD82508603 /* Pods_ListenUp.framework */ = {isa = PBXFileReference; explicitFileType = wrapper.framework; includeInIndex = 0; path = Pods_ListenUp.framework; sourceTree = BUILT_PRODUCTS_DIR; };
		DC6773E884D5A1D82B06A7F9 /* Pods-ListenUp.debug.xcconfig */ = {isa = PBXFileReference; includeInIndex = 1; lastKnownFileType = text.xcconfig; name = "Pods-ListenUp.debug.xcconfig"; path = "Target Support Files/Pods-ListenUp/Pods-ListenUp.debug.xcconfig"; sourceTree = "<group>"; };
/* End PBXFileReference section */

/* Begin PBXFrameworksBuildPhase section */
		3D905720294F0DB400E485D0 /* Frameworks */ = {
			isa = PBXFrameworksBuildPhase;
			buildActionMask = 2147483647;
			files = (
				10965C59781F7725559A8155 /* Pods_ListenUp.framework in Frameworks */,
			);
			runOnlyForDeploymentPostprocessing = 0;
		};
/* End PBXFrameworksBuildPhase section */

/* Begin PBXGroup section */
		1436A0D0EBD2536801DC4739 /* Pods */ = {
			isa = PBXGroup;
			children = (
				DC6773E884D5A1D82B06A7F9 /* Pods-ListenUp.debug.xcconfig */,
				4B91515DCC1DA2DB5B48679B /* Pods-ListenUp.release.xcconfig */,
			);
			path = Pods;
			sourceTree = "<group>";
		};
		1FEDB95DD928C9F26503B6FE /* Frameworks */ = {
			isa = PBXGroup;
			children = (
				8A4F0AC2813207CD82508603 /* Pods_ListenUp.framework */,
			);
			name = Frameworks;
			sourceTree = "<group>";
		};
		3D19DEA9298CE477009159CB /* Models */ = {
			isa = PBXGroup;
			children = (
				3D19DEAA298CE4A9009159CB /* PodcastResponse.swift */,
				3D19DEAC298CE4B7009159CB /* Podcast.swift */,
			);
			path = Models;
			sourceTree = "<group>";
		};
		3D19DEAE298CEA8E009159CB /* Services */ = {
			isa = PBXGroup;
			children = (
				3D19DEAF298CEAA6009159CB /* APIService.swift */,
			);
			path = Services;
			sourceTree = "<group>";
		};
		3D41179E2989224A000FA52E /* Extensions */ = {
			isa = PBXGroup;
			children = (
				3D4117A1298922DC000FA52E /* UIViewControllerExtensions.swift */,
			);
			path = Extensions;
			sourceTree = "<group>";
		};
		3D4117AB298957E6000FA52E /* Home */ = {
			isa = PBXGroup;
			children = (
				3D4117AF2989582F000FA52E /* Home.storyboard */,
				3D4117A32989527B000FA52E /* HomeViewController.swift */,
				3DD9A537298BD6200056C4E7 /* HomeNewViewCell.swift */,
				3DD9A539298BD64F0056C4E7 /* HomeNewCollectionViewCell.swift */,
				3D547976298AC5F400DE88DA /* HomeRecentViewCell.swift */,
			);
			path = Home;
			sourceTree = "<group>";
		};
		3D4117AC298957EC000FA52E /* Explore */ = {
			isa = PBXGroup;
			children = (
				3D4117B129895845000FA52E /* Explore.storyboard */,
				3D4117A7298953A5000FA52E /* ExploreViewController.swift */,
				3D184F3D298D42FE0025FEA6 /* ExploreViewCell.swift */,
			);
			path = Explore;
			sourceTree = "<group>";
		};
		3D4117AD298957F6000FA52E /* Radio */ = {
			isa = PBXGroup;
			children = (
				3D4117B329895852000FA52E /* Radio.storyboard */,
				3D4117A9298953B6000FA52E /* RadioViewController.swift */,
			);
			path = Radio;
			sourceTree = "<group>";
		};
		3D4117AE2989580A000FA52E /* Account */ = {
			isa = PBXGroup;
			children = (
				3D4117B62989586C000FA52E /* Account.storyboard */,
				3D4117A5298952A0000FA52E /* AccountViewController.swift */,
			);
			path = Account;
			sourceTree = "<group>";
		};
		3D90571A294F0DB400E485D0 = {
			isa = PBXGroup;
			children = (
				3D905725294F0DB400E485D0 /* ListenUp */,
				3D905724294F0DB400E485D0 /* Products */,
				1436A0D0EBD2536801DC4739 /* Pods */,
				1FEDB95DD928C9F26503B6FE /* Frameworks */,
			);
			sourceTree = "<group>";
		};
		3D905724294F0DB400E485D0 /* Products */ = {
			isa = PBXGroup;
			children = (
				3D905723294F0DB400E485D0 /* ListenUp.app */,
			);
			name = Products;
			sourceTree = "<group>";
		};
		3D905725294F0DB400E485D0 /* ListenUp */ = {
			isa = PBXGroup;
			children = (
				3D19DEAE298CEA8E009159CB /* Services */,
				3D19DEA9298CE477009159CB /* Models */,
				3D41179E2989224A000FA52E /* Extensions */,
				3D90573D294F0E0500E485D0 /* Modules */,
				3D905726294F0DB400E485D0 /* AppDelegate.swift */,
				3D905728294F0DB400E485D0 /* SceneDelegate.swift */,
				3D905732294F0DB700E485D0 /* Assets.xcassets */,
				3D905734294F0DB700E485D0 /* LaunchScreen.storyboard */,
				3D905737294F0DB700E485D0 /* Info.plist */,
				3D90572F294F0DB400E485D0 /* ListenUp.xcdatamodeld */,
			);
			path = ListenUp;
			sourceTree = "<group>";
		};
		3D90573D294F0E0500E485D0 /* Modules */ = {
			isa = PBXGroup;
			children = (
				3D4117AE2989580A000FA52E /* Account */,
				3D4117AD298957F6000FA52E /* Radio */,
				3D4117AC298957EC000FA52E /* Explore */,
				3D4117AB298957E6000FA52E /* Home */,
				3D90573F294F0E1900E485D0 /* Main */,
				3D90573E294F0E1000E485D0 /* Auth */,
			);
			path = Modules;
			sourceTree = "<group>";
		};
		3D90573E294F0E1000E485D0 /* Auth */ = {
			isa = PBXGroup;
			children = (
				3D905740294F234C00E485D0 /* Auth.storyboard */,
				3D905742294F239E00E485D0 /* SignInViewController.swift */,
				3D5B906C294F416E002D8B98 /* SignUpViewController.swift */,
			);
			path = Auth;
			sourceTree = "<group>";
		};
		3D90573F294F0E1900E485D0 /* Main */ = {
			isa = PBXGroup;
			children = (
				3D90572C294F0DB400E485D0 /* Main.storyboard */,
				3D90572A294F0DB400E485D0 /* MainViewController.swift */,
			);
			path = Main;
			sourceTree = "<group>";
		};
/* End PBXGroup section */

/* Begin PBXNativeTarget section */
		3D905722294F0DB400E485D0 /* ListenUp */ = {
			isa = PBXNativeTarget;
			buildConfigurationList = 3D90573A294F0DB700E485D0 /* Build configuration list for PBXNativeTarget "ListenUp" */;
			buildPhases = (
				D4BD5BEAED8165C6C95DBCFC /* [CP] Check Pods Manifest.lock */,
				3D90571F294F0DB400E485D0 /* Sources */,
				3D905720294F0DB400E485D0 /* Frameworks */,
				3D905721294F0DB400E485D0 /* Resources */,
				7836816B9E305971AF71FA0E /* [CP] Embed Pods Frameworks */,
			);
			buildRules = (
			);
			dependencies = (
			);
			name = ListenUp;
			productName = ListenUp;
			productReference = 3D905723294F0DB400E485D0 /* ListenUp.app */;
			productType = "com.apple.product-type.application";
		};
/* End PBXNativeTarget section */

/* Begin PBXProject section */
		3D90571B294F0DB400E485D0 /* Project object */ = {
			isa = PBXProject;
			attributes = {
				BuildIndependentTargetsInParallel = 1;
				LastSwiftUpdateCheck = 1410;
				LastUpgradeCheck = 1410;
				TargetAttributes = {
					3D905722294F0DB400E485D0 = {
						CreatedOnToolsVersion = 14.1;
					};
				};
			};
			buildConfigurationList = 3D90571E294F0DB400E485D0 /* Build configuration list for PBXProject "ListenUp" */;
			compatibilityVersion = "Xcode 13.0";
			developmentRegion = en;
			hasScannedForEncodings = 0;
			knownRegions = (
				en,
				Base,
			);
			mainGroup = 3D90571A294F0DB400E485D0;
			productRefGroup = 3D905724294F0DB400E485D0 /* Products */;
			projectDirPath = "";
			projectRoot = "";
			targets = (
				3D905722294F0DB400E485D0 /* ListenUp */,
			);
		};
/* End PBXProject section */

/* Begin PBXResourcesBuildPhase section */
		3D905721294F0DB400E485D0 /* Resources */ = {
			isa = PBXResourcesBuildPhase;
			buildActionMask = 2147483647;
			files = (
				3D905741294F234C00E485D0 /* Auth.storyboard in Resources */,
				3D4117B02989582F000FA52E /* Home.storyboard in Resources */,
				3D905736294F0DB700E485D0 /* LaunchScreen.storyboard in Resources */,
				3D905733294F0DB700E485D0 /* Assets.xcassets in Resources */,
				3D4117B429895852000FA52E /* Radio.storyboard in Resources */,
				3D4117B229895845000FA52E /* Explore.storyboard in Resources */,
				3D4117B72989586C000FA52E /* Account.storyboard in Resources */,
				3D90572E294F0DB400E485D0 /* Main.storyboard in Resources */,
			);
			runOnlyForDeploymentPostprocessing = 0;
		};
/* End PBXResourcesBuildPhase section */

/* Begin PBXShellScriptBuildPhase section */
		7836816B9E305971AF71FA0E /* [CP] Embed Pods Frameworks */ = {
			isa = PBXShellScriptBuildPhase;
			buildActionMask = 2147483647;
			files = (
			);
			inputFileListPaths = (
				"${PODS_ROOT}/Target Support Files/Pods-ListenUp/Pods-ListenUp-frameworks-${CONFIGURATION}-input-files.xcfilelist",
			);
			name = "[CP] Embed Pods Frameworks";
			outputFileListPaths = (
				"${PODS_ROOT}/Target Support Files/Pods-ListenUp/Pods-ListenUp-frameworks-${CONFIGURATION}-output-files.xcfilelist",
			);
			runOnlyForDeploymentPostprocessing = 0;
			shellPath = /bin/sh;
			shellScript = "\"${PODS_ROOT}/Target Support Files/Pods-ListenUp/Pods-ListenUp-frameworks.sh\"\n";
			showEnvVarsInLog = 0;
		};
		D4BD5BEAED8165C6C95DBCFC /* [CP] Check Pods Manifest.lock */ = {
			isa = PBXShellScriptBuildPhase;
			buildActionMask = 2147483647;
			files = (
			);
			inputFileListPaths = (
			);
			inputPaths = (
				"${PODS_PODFILE_DIR_PATH}/Podfile.lock",
				"${PODS_ROOT}/Manifest.lock",
			);
			name = "[CP] Check Pods Manifest.lock";
			outputFileListPaths = (
			);
			outputPaths = (
				"$(DERIVED_FILE_DIR)/Pods-ListenUp-checkManifestLockResult.txt",
			);
			runOnlyForDeploymentPostprocessing = 0;
			shellPath = /bin/sh;
			shellScript = "diff \"${PODS_PODFILE_DIR_PATH}/Podfile.lock\" \"${PODS_ROOT}/Manifest.lock\" > /dev/null\nif [ $? != 0 ] ; then\n    # print error to STDERR\n    echo \"error: The sandbox is not in sync with the Podfile.lock. Run 'pod install' or update your CocoaPods installation.\" >&2\n    exit 1\nfi\n# This output is used by Xcode 'outputs' to avoid re-running this script phase.\necho \"SUCCESS\" > \"${SCRIPT_OUTPUT_FILE_0}\"\n";
			showEnvVarsInLog = 0;
		};
/* End PBXShellScriptBuildPhase section */

/* Begin PBXSourcesBuildPhase section */
		3D90571F294F0DB400E485D0 /* Sources */ = {
			isa = PBXSourcesBuildPhase;
			buildActionMask = 2147483647;
			files = (
				3D547977298AC5F400DE88DA /* HomeRecentViewCell.swift in Sources */,
				3D19DEAD298CE4B7009159CB /* Podcast.swift in Sources */,
				3D5B906D294F416E002D8B98 /* SignUpViewController.swift in Sources */,
				3DD9A538298BD6200056C4E7 /* HomeNewViewCell.swift in Sources */,
				3D184F3E298D42FE0025FEA6 /* ExploreViewCell.swift in Sources */,
				3D90572B294F0DB400E485D0 /* MainViewController.swift in Sources */,
				3D4117A8298953A5000FA52E /* ExploreViewController.swift in Sources */,
				3DD9A53A298BD64F0056C4E7 /* HomeNewCollectionViewCell.swift in Sources */,
				3D905731294F0DB400E485D0 /* ListenUp.xcdatamodeld in Sources */,
				3D4117A42989527B000FA52E /* HomeViewController.swift in Sources */,
				3D905727294F0DB400E485D0 /* AppDelegate.swift in Sources */,
				3D4117AA298953B6000FA52E /* RadioViewController.swift in Sources */,
				3D905743294F239E00E485D0 /* SignInViewController.swift in Sources */,
				3D905729294F0DB400E485D0 /* SceneDelegate.swift in Sources */,
				3D19DEAB298CE4A9009159CB /* PodcastResponse.swift in Sources */,
				3D4117A2298922DC000FA52E /* UIViewControllerExtensions.swift in Sources */,
				3D19DEB0298CEAA6009159CB /* APIService.swift in Sources */,
				3D4117A6298952A0000FA52E /* AccountViewController.swift in Sources */,
			);
			runOnlyForDeploymentPostprocessing = 0;
		};
/* End PBXSourcesBuildPhase section */

/* Begin PBXVariantGroup section */
		3D90572C294F0DB400E485D0 /* Main.storyboard */ = {
			isa = PBXVariantGroup;
			children = (
				3D90572D294F0DB400E485D0 /* Base */,
			);
			name = Main.storyboard;
			sourceTree = "<group>";
		};
		3D905734294F0DB700E485D0 /* LaunchScreen.storyboard */ = {
			isa = PBXVariantGroup;
			children = (
				3D905735294F0DB700E485D0 /* Base */,
			);
			name = LaunchScreen.storyboard;
			sourceTree = "<group>";
		};
/* End PBXVariantGroup section */

/* Begin XCBuildConfiguration section */
		3D905738294F0DB700E485D0 /* Debug */ = {
			isa = XCBuildConfiguration;
			buildSettings = {
				ALWAYS_SEARCH_USER_PATHS = NO;
				CLANG_ANALYZER_NONNULL = YES;
				CLANG_ANALYZER_NUMBER_OBJECT_CONVERSION = YES_AGGRESSIVE;
				CLANG_CXX_LANGUAGE_STANDARD = "gnu++20";
				CLANG_ENABLE_MODULES = YES;
				CLANG_ENABLE_OBJC_ARC = YES;
				CLANG_ENABLE_OBJC_WEAK = YES;
				CLANG_WARN_BLOCK_CAPTURE_AUTORELEASING = YES;
				CLANG_WARN_BOOL_CONVERSION = YES;
				CLANG_WARN_COMMA = YES;
				CLANG_WARN_CONSTANT_CONVERSION = YES;
				CLANG_WARN_DEPRECATED_OBJC_IMPLEMENTATIONS = YES;
				CLANG_WARN_DIRECT_OBJC_ISA_USAGE = YES_ERROR;
				CLANG_WARN_DOCUMENTATION_COMMENTS = YES;
				CLANG_WARN_EMPTY_BODY = YES;
				CLANG_WARN_ENUM_CONVERSION = YES;
				CLANG_WARN_INFINITE_RECURSION = YES;
				CLANG_WARN_INT_CONVERSION = YES;
				CLANG_WARN_NON_LITERAL_NULL_CONVERSION = YES;
				CLANG_WARN_OBJC_IMPLICIT_RETAIN_SELF = YES;
				CLANG_WARN_OBJC_LITERAL_CONVERSION = YES;
				CLANG_WARN_OBJC_ROOT_CLASS = YES_ERROR;
				CLANG_WARN_QUOTED_INCLUDE_IN_FRAMEWORK_HEADER = YES;
				CLANG_WARN_RANGE_LOOP_ANALYSIS = YES;
				CLANG_WARN_STRICT_PROTOTYPES = YES;
				CLANG_WARN_SUSPICIOUS_MOVE = YES;
				CLANG_WARN_UNGUARDED_AVAILABILITY = YES_AGGRESSIVE;
				CLANG_WARN_UNREACHABLE_CODE = YES;
				CLANG_WARN__DUPLICATE_METHOD_MATCH = YES;
				COPY_PHASE_STRIP = NO;
				DEBUG_INFORMATION_FORMAT = dwarf;
				ENABLE_STRICT_OBJC_MSGSEND = YES;
				ENABLE_TESTABILITY = YES;
				GCC_C_LANGUAGE_STANDARD = gnu11;
				GCC_DYNAMIC_NO_PIC = NO;
				GCC_NO_COMMON_BLOCKS = YES;
				GCC_OPTIMIZATION_LEVEL = 0;
				GCC_PREPROCESSOR_DEFINITIONS = (
					"DEBUG=1",
					"$(inherited)",
				);
				GCC_WARN_64_TO_32_BIT_CONVERSION = YES;
				GCC_WARN_ABOUT_RETURN_TYPE = YES_ERROR;
				GCC_WARN_UNDECLARED_SELECTOR = YES;
				GCC_WARN_UNINITIALIZED_AUTOS = YES_AGGRESSIVE;
				GCC_WARN_UNUSED_FUNCTION = YES;
				GCC_WARN_UNUSED_VARIABLE = YES;
				IPHONEOS_DEPLOYMENT_TARGET = 16.1;
				MTL_ENABLE_DEBUG_INFO = INCLUDE_SOURCE;
				MTL_FAST_MATH = YES;
				ONLY_ACTIVE_ARCH = YES;
				SDKROOT = iphoneos;
				SWIFT_ACTIVE_COMPILATION_CONDITIONS = DEBUG;
				SWIFT_OPTIMIZATION_LEVEL = "-Onone";
			};
			name = Debug;
		};
		3D905739294F0DB700E485D0 /* Release */ = {
			isa = XCBuildConfiguration;
			buildSettings = {
				ALWAYS_SEARCH_USER_PATHS = NO;
				CLANG_ANALYZER_NONNULL = YES;
				CLANG_ANALYZER_NUMBER_OBJECT_CONVERSION = YES_AGGRESSIVE;
				CLANG_CXX_LANGUAGE_STANDARD = "gnu++20";
				CLANG_ENABLE_MODULES = YES;
				CLANG_ENABLE_OBJC_ARC = YES;
				CLANG_ENABLE_OBJC_WEAK = YES;
				CLANG_WARN_BLOCK_CAPTURE_AUTORELEASING = YES;
				CLANG_WARN_BOOL_CONVERSION = YES;
				CLANG_WARN_COMMA = YES;
				CLANG_WARN_CONSTANT_CONVERSION = YES;
				CLANG_WARN_DEPRECATED_OBJC_IMPLEMENTATIONS = YES;
				CLANG_WARN_DIRECT_OBJC_ISA_USAGE = YES_ERROR;
				CLANG_WARN_DOCUMENTATION_COMMENTS = YES;
				CLANG_WARN_EMPTY_BODY = YES;
				CLANG_WARN_ENUM_CONVERSION = YES;
				CLANG_WARN_INFINITE_RECURSION = YES;
				CLANG_WARN_INT_CONVERSION = YES;
				CLANG_WARN_NON_LITERAL_NULL_CONVERSION = YES;
				CLANG_WARN_OBJC_IMPLICIT_RETAIN_SELF = YES;
				CLANG_WARN_OBJC_LITERAL_CONVERSION = YES;
				CLANG_WARN_OBJC_ROOT_CLASS = YES_ERROR;
				CLANG_WARN_QUOTED_INCLUDE_IN_FRAMEWORK_HEADER = YES;
				CLANG_WARN_RANGE_LOOP_ANALYSIS = YES;
				CLANG_WARN_STRICT_PROTOTYPES = YES;
				CLANG_WARN_SUSPICIOUS_MOVE = YES;
				CLANG_WARN_UNGUARDED_AVAILABILITY = YES_AGGRESSIVE;
				CLANG_WARN_UNREACHABLE_CODE = YES;
				CLANG_WARN__DUPLICATE_METHOD_MATCH = YES;
				COPY_PHASE_STRIP = NO;
				DEBUG_INFORMATION_FORMAT = "dwarf-with-dsym";
				ENABLE_NS_ASSERTIONS = NO;
				ENABLE_STRICT_OBJC_MSGSEND = YES;
				GCC_C_LANGUAGE_STANDARD = gnu11;
				GCC_NO_COMMON_BLOCKS = YES;
				GCC_WARN_64_TO_32_BIT_CONVERSION = YES;
				GCC_WARN_ABOUT_RETURN_TYPE = YES_ERROR;
				GCC_WARN_UNDECLARED_SELECTOR = YES;
				GCC_WARN_UNINITIALIZED_AUTOS = YES_AGGRESSIVE;
				GCC_WARN_UNUSED_FUNCTION = YES;
				GCC_WARN_UNUSED_VARIABLE = YES;
				IPHONEOS_DEPLOYMENT_TARGET = 16.1;
				MTL_ENABLE_DEBUG_INFO = NO;
				MTL_FAST_MATH = YES;
				SDKROOT = iphoneos;
				SWIFT_COMPILATION_MODE = wholemodule;
				SWIFT_OPTIMIZATION_LEVEL = "-O";
				VALIDATE_PRODUCT = YES;
			};
			name = Release;
		};
		3D90573B294F0DB700E485D0 /* Debug */ = {
			isa = XCBuildConfiguration;
			baseConfigurationReference = DC6773E884D5A1D82B06A7F9 /* Pods-ListenUp.debug.xcconfig */;
			buildSettings = {
				ASSETCATALOG_COMPILER_APPICON_NAME = AppIcon;
				ASSETCATALOG_COMPILER_GLOBAL_ACCENT_COLOR_NAME = AccentColor;
				CODE_SIGN_STYLE = Automatic;
				CURRENT_PROJECT_VERSION = 1;
				DEVELOPMENT_TEAM = FLSHCRRCN3;
				GENERATE_INFOPLIST_FILE = YES;
				INFOPLIST_FILE = ListenUp/Info.plist;
				INFOPLIST_KEY_CFBundleDisplayName = "Listen Up";
				INFOPLIST_KEY_LSApplicationCategoryType = "public.app-category.entertainment";
				INFOPLIST_KEY_UIApplicationSupportsIndirectInputEvents = YES;
				INFOPLIST_KEY_UILaunchStoryboardName = LaunchScreen;
				INFOPLIST_KEY_UIMainStoryboardFile = Main;
				INFOPLIST_KEY_UISupportedInterfaceOrientations_iPad = "UIInterfaceOrientationPortrait UIInterfaceOrientationPortraitUpsideDown UIInterfaceOrientationLandscapeLeft UIInterfaceOrientationLandscapeRight";
				INFOPLIST_KEY_UISupportedInterfaceOrientations_iPhone = "UIInterfaceOrientationPortrait UIInterfaceOrientationLandscapeLeft UIInterfaceOrientationLandscapeRight";
				IPHONEOS_DEPLOYMENT_TARGET = 13.0;
				LD_RUNPATH_SEARCH_PATHS = (
					"$(inherited)",
					"@executable_path/Frameworks",
				);
				MARKETING_VERSION = 1.0.0;
				PRODUCT_BUNDLE_IDENTIFIER = com.eiarcode.ListenUp;
				PRODUCT_NAME = "$(TARGET_NAME)";
				SWIFT_EMIT_LOC_STRINGS = YES;
				SWIFT_VERSION = 5.0;
				TARGETED_DEVICE_FAMILY = "1,2";
			};
			name = Debug;
		};
		3D90573C294F0DB700E485D0 /* Release */ = {
			isa = XCBuildConfiguration;
			baseConfigurationReference = 4B91515DCC1DA2DB5B48679B /* Pods-ListenUp.release.xcconfig */;
			buildSettings = {
				ASSETCATALOG_COMPILER_APPICON_NAME = AppIcon;
				ASSETCATALOG_COMPILER_GLOBAL_ACCENT_COLOR_NAME = AccentColor;
				CODE_SIGN_STYLE = Automatic;
				CURRENT_PROJECT_VERSION = 1;
				DEVELOPMENT_TEAM = FLSHCRRCN3;
				GENERATE_INFOPLIST_FILE = YES;
				INFOPLIST_FILE = ListenUp/Info.plist;
				INFOPLIST_KEY_CFBundleDisplayName = "Listen Up";
				INFOPLIST_KEY_LSApplicationCategoryType = "public.app-category.entertainment";
				INFOPLIST_KEY_UIApplicationSupportsIndirectInputEvents = YES;
				INFOPLIST_KEY_UILaunchStoryboardName = LaunchScreen;
				INFOPLIST_KEY_UIMainStoryboardFile = Main;
				INFOPLIST_KEY_UISupportedInterfaceOrientations_iPad = "UIInterfaceOrientationPortrait UIInterfaceOrientationPortraitUpsideDown UIInterfaceOrientationLandscapeLeft UIInterfaceOrientationLandscapeRight";
				INFOPLIST_KEY_UISupportedInterfaceOrientations_iPhone = "UIInterfaceOrientationPortrait UIInterfaceOrientationLandscapeLeft UIInterfaceOrientationLandscapeRight";
				IPHONEOS_DEPLOYMENT_TARGET = 13.0;
				LD_RUNPATH_SEARCH_PATHS = (
					"$(inherited)",
					"@executable_path/Frameworks",
				);
				MARKETING_VERSION = 1.0.0;
				PRODUCT_BUNDLE_IDENTIFIER = com.eiarcode.ListenUp;
				PRODUCT_NAME = "$(TARGET_NAME)";
				SWIFT_EMIT_LOC_STRINGS = YES;
				SWIFT_VERSION = 5.0;
				TARGETED_DEVICE_FAMILY = "1,2";
			};
			name = Release;
		};
/* End XCBuildConfiguration section */

/* Begin XCConfigurationList section */
		3D90571E294F0DB400E485D0 /* Build configuration list for PBXProject "ListenUp" */ = {
			isa = XCConfigurationList;
			buildConfigurations = (
				3D905738294F0DB700E485D0 /* Debug */,
				3D905739294F0DB700E485D0 /* Release */,
			);
			defaultConfigurationIsVisible = 0;
			defaultConfigurationName = Release;
		};
		3D90573A294F0DB700E485D0 /* Build configuration list for PBXNativeTarget "ListenUp" */ = {
			isa = XCConfigurationList;
			buildConfigurations = (
				3D90573B294F0DB700E485D0 /* Debug */,
				3D90573C294F0DB700E485D0 /* Release */,
			);
			defaultConfigurationIsVisible = 0;
			defaultConfigurationName = Release;
		};
/* End XCConfigurationList section */

/* Begin XCVersionGroup section */
		3D90572F294F0DB400E485D0 /* ListenUp.xcdatamodeld */ = {
			isa = XCVersionGroup;
			children = (
				3D905730294F0DB400E485D0 /* ListenUp.xcdatamodel */,
			);
			currentVersion = 3D905730294F0DB400E485D0 /* ListenUp.xcdatamodel */;
			path = ListenUp.xcdatamodeld;
			sourceTree = "<group>";
			versionGroupType = wrapper.xcdatamodel;
		};
/* End XCVersionGroup section */
	};
	rootObject = 3D90571B294F0DB400E485D0 /* Project object */;
}
